
Microsoft Visual Studio Solution File, Format Version 12.00
# Visual Studio Version 17
VisualStudioVersion = 17.2.32630.192
MinimumVisualStudioVersion = 10.0.40219.1
Project("{FAE04EC0-301F-11D3-BF4B-00C04F79EFBC}") = "IndianCensusAnalyzerProblem", "IndianCensusAnalyzerProblem\IndianCensusAnalyzerProblem.csproj", "{8DE7C4A2-FC82-4A9E-9D10-66024E05FC25}"
EndProject
Global
	GlobalSection(SolutionConfigurationPlatforms) = preSolution
		Debug|Any CPU = Debug|Any CPU
		Release|Any CPU = Release|Any CPU
	EndGlobalSection
	GlobalSection(ProjectConfigurationPlatforms) = postSolution
		{8DE7C4A2-FC82-4A9E-9D10-66024E05FC25}.Debug|Any CPU.ActiveCfg = Debug|Any CPU
		{8DE7C4A2-FC82-4A9E-9D10-66024E05FC25}.Debug|Any CPU.Build.0 = Debug|Any CPU
		{8DE7C4A2-FC82-4A9E-9D10-66024E05FC25}.Release|Any CPU.ActiveCfg = Release|Any CPU
		{8DE7C4A2-FC82-4A9E-9D10-66024E05FC25}.Release|Any CPU.Build.0 = Release|Any CPU
	EndGlobalSection
	GlobalSection(SolutionProperties) = preSolution
		HideSolutionNode = FALSE
	EndGlobalSection
	GlobalSection(ExtensibilityGlobals) = postSolution
		SolutionGuid = {11B8BAE2-90B3-4762-B8E4-C1D40016A377}
	EndGlobalSection
EndGlobal
